version: 6
environments:
  default:
    channels:
    - url: https://conda.anaconda.org/conda-forge/
    indexes:
    - https://pypi.org/simple
    packages:
      linux-64:
      - conda: https://conda.anaconda.org/conda-forge/linux-64/_openmp_mutex-4.5-20_gnu.conda
      - conda: https://conda.anaconda.org/conda-forge/linux-64/bzip2-1.0.8-hda65f42_9.conda
      - conda: https://conda.anaconda.org/conda-forge/noarch/ca-certificates-2026.4.22-hbd8a1cb_0.conda
      - conda: https://conda.anaconda.org/conda-forge/linux-64/icu-78.3-h33c6efd_0.conda
      - conda: https://conda.anaconda.org/conda-forge/linux-64/ld_impl_linux-64-2.45.1-default_hbd61a6d_102.conda
      - conda: https://conda.anaconda.org/conda-forge/linux-64/libexpat-2.7.5-hecca717_0.conda
      - conda: https://conda.anaconda.org/conda-forge/linux-64/libffi-3.5.2-h3435931_0.conda
      - conda: https://conda.anaconda.org/conda-forge/linux-64/libgcc-14.3.0-he0feb66_18.conda
      - conda: https://conda.anaconda.org/conda-forge/linux-64/libgomp-14.3.0-he0feb66_18.conda
      - conda: https://conda.anaconda.org/conda-forge/linux-64/liblzma-5.8.3-hb03c661_0.conda
      - conda: https://conda.anaconda.org/conda-forge/linux-64/libmpdec-4.0.0-hb03c661_1.conda
      - conda: https://conda.anaconda.org/conda-forge/linux-64/libsqlite-3.53.0-hf4e2dac_0.conda
      - conda: https://conda.anaconda.org/conda-forge/linux-64/libstdcxx-14.3.0-h934c35e_18.conda
      - conda: https://conda.anaconda.org/conda-forge/linux-64/libstdcxx-ng-14.3.0-hdf11a46_18.conda
      - conda: https://conda.anaconda.org/conda-forge/linux-64/libuuid-2.42-h5347b49_0.conda
      - conda: https://conda.anaconda.org/conda-forge/linux-64/libzlib-1.3.2-h25fd6f3_2.conda
      - conda: https://conda.anaconda.org/conda-forge/linux-64/ncurses-6.6-hdb14827_0.conda
      - conda: https://conda.anaconda.org/conda-forge/linux-64/openssl-3.5.6-h35e630c_0.conda
      - conda: https://conda.anaconda.org/conda-forge/linux-64/python-3.14.4-habeac84_100_cp314.conda
      - conda: https://conda.anaconda.org/conda-forge/noarch/python_abi-3.14-8_cp314.conda
      - conda: https://conda.anaconda.org/conda-forge/linux-64/readline-8.3-h853b02a_0.conda
      - conda: https://conda.anaconda.org/conda-forge/linux-64/tk-8.6.13-noxft_h366c992_103.conda
      - conda: https://conda.anaconda.org/conda-forge/noarch/tzdata-2025c-hc9c84f9_1.conda
      - conda: https://conda.anaconda.org/conda-forge/linux-64/uv-0.11.8-h29f5ae7_1.conda
      - conda: https://conda.anaconda.org/conda-forge/linux-64/zstd-1.5.7-hb78ec9c_6.conda
      - pypi: https://files.pythonhosted.org/packages/31/e6/1f533dcd205275363d9ba3511bcec52fa2df86abf8abe6a5f2c599f0dc31/lxml-6.1.0-cp314-cp314-manylinux_2_26_x86_64.manylinux_2_28_x86_64.whl
      - pypi: https://files.pythonhosted.org/packages/d0/00/1e03a4989fa5795da308cd774f05b704ace555a70f9bf9d3be057b680bcf/python_docx-1.2.0-py3-none-any.whl
      - pypi: https://files.pythonhosted.org/packages/18/67/36e9267722cc04a6b9f15c7f3441c2363321a3ea07da7ae0c0707beb2a9c/typing_extensions-4.15.0-py3-none-any.whl
packages:
- conda: https://conda.anaconda.org/conda-forge/linux-64/_openmp_mutex-4.5-20_gnu.conda
  build_number: 20
  sha256: 1dd3fffd892081df9726d7eb7e0dea6198962ba775bd88842135a4ddb4deb3c9
  md5: a9f577daf3de00bca7c3c76c0ecbd1de
  depends:
  - __glibc >=2.17,<3.0.a0
  - libgomp >=7.5.0
  constrains:
  - openmp_impl <0.0a0
  license: BSD-3-Clause
  license_family: BSD
  purls: []
  size: 28948
  timestamp: 1770939786096
- conda: https://conda.anaconda.org/conda-forge/linux-64/bzip2-1.0.8-hda65f42_9.conda
  sha256: 0b75d45f0bba3e95dc693336fa51f40ea28c980131fec438afb7ce6118ed05f6
  md5: d2ffd7602c02f2b316fd921d39876885
  depends:
  - __glibc >=2.17,<3.0.a0
  - libgcc >=14
  license: bzip2-1.0.6
  license_family: BSD
  purls: []
  size: 260182
  timestamp: 1771350215188
- conda: https://conda.anaconda.org/conda-forge/noarch/ca-certificates-2026.4.22-hbd8a1cb_0.conda
  sha256: c9dbcc8039a52023660d6d1bbf87594a93dd69c6ac5a2a44323af2c92976728d
  md5: e18ad67cf881dcadee8b8d9e2f8e5f73
  depends:
  - __unix
  license: ISC
  purls: []
  size: 131039
  timestamp: 1776865545798
- conda: https://conda.anaconda.org/conda-forge/linux-64/icu-78.3-h33c6efd_0.conda
  sha256: fbf86c4a59c2ed05bbffb2ba25c7ed94f6185ec30ecb691615d42342baa1a16a
  md5: c80d8a3b84358cb967fa81e7075fbc8a
  depends:
  - __glibc >=2.17,<3.0.a0
  - libgcc >=14
  - libstdcxx >=14
  license: MIT
  license_family: MIT
  purls: []
  size: 12723451
  timestamp: 1773822285671
- conda: https://conda.anaconda.org/conda-forge/linux-64/ld_impl_linux-64-2.45.1-default_hbd61a6d_102.conda
  sha256: 3d584956604909ff5df353767f3a2a2f60e07d070b328d109f30ac40cd62df6c
  md5: 18335a698559cdbcd86150a48bf54ba6
  depends:
  - __glibc >=2.17,<3.0.a0
  - zstd >=1.5.7,<1.6.0a0
  constrains:
  - binutils_impl_linux-64 2.45.1
  license: GPL-3.0-only
  license_family: GPL
  purls: []
  size: 728002
  timestamp: 1774197446916
- conda: https://conda.anaconda.org/conda-forge/linux-64/libexpat-2.7.5-hecca717_0.conda
  sha256: e8c2b57f6aacabdf2f1b0924bd4831ce5071ba080baa4a9e8c0d720588b6794c
  md5: 49f570f3bc4c874a06ea69b7225753af
  depends:
  - __glibc >=2.17,<3.0.a0
  - libgcc >=14
  constrains:
  - expat 2.7.5.*
  license: MIT
  license_family: MIT
  purls: []
  size: 76624
  timestamp: 1774719175983
- conda: https://conda.anaconda.org/conda-forge/linux-64/libffi-3.5.2-h3435931_0.conda
  sha256: 31f19b6a88ce40ebc0d5a992c131f57d919f73c0b92cd1617a5bec83f6e961e6
  md5: a360c33a5abe61c07959e449fa1453eb
  depends:
  - __glibc >=2.17,<3.0.a0
  - libgcc >=14
  license: MIT
  license_family: MIT
  purls: []
  size: 58592
  timestamp: 1769456073053
- conda: https://conda.anaconda.org/conda-forge/linux-64/libgcc-14.3.0-he0feb66_18.conda
  sha256: cfd377ffa8cb9250f7313e76f68fb80e9c1fe408023003d4fd27fb19b6d92f46
  md5: 81f26b374427703d41dda9ebb5e4af4f
  depends:
  - __glibc >=2.17,<3.0.a0
  - _openmp_mutex >=4.5
  constrains:
  - libgcc-ng ==14.3.0=*_18
  - libgomp 14.3.0 he0feb66_18
  license: GPL-3.0-only WITH GCC-exception-3.1
  license_family: GPL
  purls: []
  size: 1039618
  timestamp: 1771377908478
- conda: https://conda.anaconda.org/conda-forge/linux-64/libgomp-14.3.0-he0feb66_18.conda
  sha256: 58b0525afc58d8630814a8ca9401afd589560e8cf300086d35f00608ed930688
  md5: 07dace6859ed3de87fe21d588c9b7934
  depends:
  - __glibc >=2.17,<3.0.a0
  license: GPL-3.0-only WITH GCC-exception-3.1
  license_family: GPL
  purls: []
  size: 589106
  timestamp: 1771377806148
- conda: https://conda.anaconda.org/conda-forge/linux-64/liblzma-5.8.3-hb03c661_0.conda
  sha256: ec30e52a3c1bf7d0425380a189d209a52baa03f22fb66dd3eb587acaa765bd6d
  md5: b88d90cad08e6bc8ad540cb310a761fb
  depends:
  - __glibc >=2.17,<3.0.a0
  - libgcc >=14
  constrains:
  - xz 5.8.3.*
  license: 0BSD
  purls: []
  size: 113478
  timestamp: 1775825492909
- conda: https://conda.anaconda.org/conda-forge/linux-64/libmpdec-4.0.0-hb03c661_1.conda
  sha256: fe171ed5cf5959993d43ff72de7596e8ac2853e9021dec0344e583734f1e0843
  md5: 2c21e66f50753a083cbe6b80f38268fa
  depends:
  - __glibc >=2.17,<3.0.a0
  - libgcc >=14
  license: BSD-2-Clause
  license_family: BSD
  purls: []
  size: 92400
  timestamp: 1769482286018
- conda: https://conda.anaconda.org/conda-forge/linux-64/libsqlite-3.53.0-hf4e2dac_0.conda
  sha256: ec37c79f737933bbac965f5dc0f08ef2790247129a84bb3114fad4900adce401
  md5: 810d83373448da85c3f673fbcb7ad3a3
  depends:
  - __glibc >=2.17,<3.0.a0
  - icu >=78.3,<79.0a0
  - libgcc >=14
  - libzlib >=1.3.2,<2.0a0
  license: blessing
  purls: []
  size: 958864
  timestamp: 1775753750179
- conda: https://conda.anaconda.org/conda-forge/linux-64/libstdcxx-14.3.0-h934c35e_18.conda
  sha256: 432dae77895183ffd061f5ba571d71a396c29aea0bf336b5353ffa11df0b661b
  md5: 46fda820c558d42d7e33c7666b4a2187
  depends:
  - __glibc >=2.17,<3.0.a0
  - libgcc 14.3.0 he0feb66_18
  constrains:
  - libstdcxx-ng ==14.3.0=*_18
  license: GPL-3.0-only WITH GCC-exception-3.1
  license_family: GPL
  purls: []
  size: 5773153
  timestamp: 1771377956012
- conda: https://conda.anaconda.org/conda-forge/linux-64/libstdcxx-ng-14.3.0-hdf11a46_18.conda
  sha256: 977dc59b32d19a2c4c546f8b2651d3d89a95666e27d73c5fc392d1ddce777a06
  md5: f0bdb8703a10ee71fae61946deab0125
  depends:
  - libstdcxx 14.3.0 h934c35e_18
  license: GPL-3.0-only WITH GCC-exception-3.1
  license_family: GPL
  purls: []
  size: 27688
  timestamp: 1771378006460
- conda: https://conda.anaconda.org/conda-forge/linux-64/libuuid-2.42-h5347b49_0.conda
  sha256: bc1b08c92626c91500fd9f26f2c797f3eb153b627d53e9c13cd167f1e12b2829
  md5: 38ffe67b78c9d4de527be8315e5ada2c
  depends:
  - __glibc >=2.17,<3.0.a0
  - libgcc >=14
  license: BSD-3-Clause
  license_family: BSD
  purls: []
  size: 40297
  timestamp: 1775052476770
- conda: https://conda.anaconda.org/conda-forge/linux-64/libzlib-1.3.2-h25fd6f3_2.conda
  sha256: 55044c403570f0dc26e6364de4dc5368e5f3fc7ff103e867c487e2b5ab2bcda9
  md5: d87ff7921124eccd67248aa483c23fec
  depends:
  - __glibc >=2.17,<3.0.a0
  constrains:
  - zlib 1.3.2 *_2
  license: Zlib
  license_family: Other
  purls: []
  size: 63629
  timestamp: 1774072609062
- pypi: https://files.pythonhosted.org/packages/31/e6/1f533dcd205275363d9ba3511bcec52fa2df86abf8abe6a5f2c599f0dc31/lxml-6.1.0-cp314-cp314-manylinux_2_26_x86_64.manylinux_2_28_x86_64.whl
  name: lxml
  version: 6.1.0
  sha256: fe022f20bc4569ec66b63b3fb275a3d628d9d32da6326b2982584104db6d3086
  requires_dist:
  - cssselect>=0.7 ; extra == 'cssselect'
  - html5lib ; extra == 'html5'
  - beautifulsoup4 ; extra == 'htmlsoup'
  - lxml-html-clean ; extra == 'html-clean'
  requires_python: '>=3.8'
- conda: https://conda.anaconda.org/conda-forge/linux-64/ncurses-6.6-hdb14827_0.conda
  sha256: fc89f74bbe362fb29fa3c037697a89bec140b346a2469a90f7936d1d7ea4d8a3
  md5: fc21868a1a5aacc937e7a18747acb8a5
  depends:
  - __glibc >=2.17,<3.0.a0
  - libgcc >=14
  license: X11 AND BSD-3-Clause
  purls: []
  size: 918956
  timestamp: 1777422145199
- conda: https://conda.anaconda.org/conda-forge/linux-64/openssl-3.5.6-h35e630c_0.conda
  sha256: 02f1c302bb0014fa24194243238714dfa657975079a0385dc6cc4912475e7cdc
  md5: cdbd855ace1b925ffbedcd365ca602f0
  depends:
  - __glibc >=2.17,<3.0.a0
  - ca-certificates
  - libgcc >=14
  license: Apache-2.0
  license_family: Apache
  purls: []
  size: 3117832
  timestamp: 1775601777115
- conda: https://conda.anaconda.org/conda-forge/linux-64/python-3.14.4-habeac84_100_cp314.conda
  build_number: 100
  sha256: dec247c5badc811baa34d6085df9d0465535883cf745e22e8d79092ad54a3a7b
  md5: a443f87920815d41bfe611296e507995
  depends:
  - __glibc >=2.17,<3.0.a0
  - bzip2 >=1.0.8,<2.0a0
  - ld_impl_linux-64 >=2.36.1
  - libexpat >=2.7.5,<3.0a0
  - libffi >=3.5.2,<3.6.0a0
  - libgcc >=14
  - liblzma >=5.8.2,<6.0a0
  - libmpdec >=4.0.0,<5.0a0
  - libsqlite >=3.52.0,<4.0a0
  - libuuid >=2.42,<3.0a0
  - libzlib >=1.3.2,<2.0a0
  - ncurses >=6.5,<7.0a0
  - openssl >=3.5.6,<4.0a0
  - python_abi 3.14.* *_cp314
  - readline >=8.3,<9.0a0
  - tk >=8.6.13,<8.7.0a0
  - tzdata
  - zstd >=1.5.7,<1.6.0a0
  license: Python-2.0
  purls: []
  size: 36705460
  timestamp: 1775614357822
  python_site_packages_path: lib/python3.14/site-packages
- pypi: https://files.pythonhosted.org/packages/d0/00/1e03a4989fa5795da308cd774f05b704ace555a70f9bf9d3be057b680bcf/python_docx-1.2.0-py3-none-any.whl
  name: python-docx
  version: 1.2.0
  sha256: 3fd478f3250fbbbfd3b94fe1e985955737c145627498896a8a6bf81f4baf66c7
  requires_dist:
  - lxml>=3.1.0
  - typing-extensions>=4.9.0
  requires_python: '>=3.9'
- conda: https://conda.anaconda.org/conda-forge/noarch/python_abi-3.14-8_cp314.conda
  build_number: 8
  sha256: ad6d2e9ac39751cc0529dd1566a26751a0bf2542adb0c232533d32e176e21db5
  md5: 0539938c55b6b1a59b560e843ad864a4
  constrains:
  - python 3.14.* *_cp314
  license: BSD-3-Clause
  license_family: BSD
  purls: []
  size: 6989
  timestamp: 1752805904792
- conda: https://conda.anaconda.org/conda-forge/linux-64/readline-8.3-h853b02a_0.conda
  sha256: 12ffde5a6f958e285aa22c191ca01bbd3d6e710aa852e00618fa6ddc59149002
  md5: d7d95fc8287ea7bf33e0e7116d2b95ec
  depends:
  - __glibc >=2.17,<3.0.a0
  - libgcc >=14
  - ncurses >=6.5,<7.0a0
  license: GPL-3.0-only
  license_family: GPL
  purls: []
  size: 345073
  timestamp: 1765813471974
- conda: https://conda.anaconda.org/conda-forge/linux-64/tk-8.6.13-noxft_h366c992_103.conda
  sha256: cafeec44494f842ffeca27e9c8b0c27ed714f93ac77ddadc6aaf726b5554ebac
  md5: cffd3bdd58090148f4cfcd831f4b26ab
  depends:
  - __glibc >=2.17,<3.0.a0
  - libgcc >=14
  - libzlib >=1.3.1,<2.0a0
  constrains:
  - xorg-libx11 >=1.8.12,<2.0a0
  license: TCL
  license_family: BSD
  purls: []
  size: 3301196
  timestamp: 1769460227866
- pypi: https://files.pythonhosted.org/packages/18/67/36e9267722cc04a6b9f15c7f3441c2363321a3ea07da7ae0c0707beb2a9c/typing_extensions-4.15.0-py3-none-any.whl
  name: typing-extensions
  version: 4.15.0
  sha256: f0fa19c6845758ab08074a0cfa8b7aecb71c999ca73d62883bc25cc018c4e548
  requires_python: '>=3.9'
- conda: https://conda.anaconda.org/conda-forge/noarch/tzdata-2025c-hc9c84f9_1.conda
  sha256: 1d30098909076af33a35017eed6f2953af1c769e273a0626a04722ac4acaba3c
  md5: ad659d0a2b3e47e38d829aa8cad2d610
  license: LicenseRef-Public-Domain
  purls: []
  size: 119135
  timestamp: 1767016325805
- conda: https://conda.anaconda.org/conda-forge/linux-64/uv-0.11.8-h29f5ae7_1.conda
  sha256: 01e4bd3ef63e893ef908b57cbde1132c49141f6794eb2d54558627876e02d9d0
  md5: ccec3ef299ab5d8892ebec5485bc9616
  depends:
  - libstdcxx >=14
  - libgcc >=14
  - __glibc >=2.17,<3.0.a0
  constrains:
  - __glibc >=2.17
  arch: x86_64
  platform: linux
  license: Apache-2.0 OR MIT
  purls: []
  size: 19114693
  timestamp: 1777486136750
- conda: https://conda.anaconda.org/conda-forge/linux-64/zstd-1.5.7-hb78ec9c_6.conda
  sha256: 68f0206ca6e98fea941e5717cec780ed2873ffabc0e1ed34428c061e2c6268c7
  md5: 4a13eeac0b5c8e5b8ab496e6c4ddd829
  depends:
  - __glibc >=2.17,<3.0.a0
  - libzlib >=1.3.1,<2.0a0
  license: BSD-3-Clause
  license_family: BSD
  purls: []
  size: 601375
  timestamp: 1764777111296
